{
  "name": "piedpiper",
  "version": "1.0.0",
  "lockfileVersion": 1,
  "requires": true,
  "dependencies": {
    "aos": {
      "version": "2.2.0",
      "resolved": "https://registry.npmjs.org/aos/-/aos-2.2.0.tgz",
      "integrity": "sha512-nxVfCOSQ5yboyy99KCIe6CM+68hNwggBROgdn/P+x0p3dAgtX3JVONZ27XKm93Ol9hvTtgoCjCffZU4HEr0nZQ==",
      "requires": {
        "classlist-polyfill": "1.2.0",
        "lodash.debounce": "4.0.8",
        "lodash.throttle": "4.1.1"
      }
    },
    "bulma": {
      "version": "0.6.1",
      "resolved": "https://registry.npmjs.org/bulma/-/bulma-0.6.1.tgz",
      "integrity": "sha1-XyGnfAwG99gAUcBmKMI1Fggb1kk="
    },
    "bulma-pricingtable": {
      "version": "0.1.0",
      "resolved": "https://registry.npmjs.org/bulma-pricingtable/-/bulma-pricingtable-0.1.0.tgz",
      "integrity": "sha1-pIxPZ3kz+nnOBWe4Mkgr1GHLkUk="
    },
    "bulma-timeline": {
      "version": "1.1.0",
      "resolved": "https://registry.npmjs.org/bulma-timeline/-/bulma-timeline-1.1.0.tgz",
      "integrity": "sha1-xbvsi8qvUGES24aqmpGry1k7Nbs="
    },
    "classlist-polyfill": {
      "version": "1.2.0",
      "resolved": "https://registry.npmjs.org/classlist-polyfill/-/classlist-polyfill-1.2.0.tgz",
      "integrity": "sha1-k1vC39lFiodrJ5YXUUY4vKqWSi4="
    },
    "font-awesome": {
      "version": "4.7.0",
      "resolved": "https://registry.npmjs.org/font-awesome/-/font-awesome-4.7.0.tgz",
      "integrity": "sha1-j6jPBBGhoxr9B7BtKQK7n8gVoTM="
    },
    "jquery": {
      "version": "3.2.1",
      "resolved": "https://registry.npmjs.org/jquery/-/jquery-3.2.1.tgz",
      "integrity": "sha1-XE2d5lKvbNCncBVKYxu6ErAVx4c="
    },
    "lodash.debounce": {
      "version": "4.0.8",
      "resolved": "https://registry.npmjs.org/lodash.debounce/-/lodash.debounce-4.0.8.tgz",
      "integrity": "sha1-gteb/zCmfEAF/9XiUVMArZyk168="
    },
    "lodash.throttle": {
      "version": "4.1.1",
      "resolved": "https://registry.npmjs.org/lodash.throttle/-/lodash.throttle-4.1.1.tgz",
      "integrity": "sha1-wj6RtxAkKscMN/HhzaknTMOb8vQ="
    },
    "owl.carousel": {
      "version": "2.2.0",
      "resolved": "https://registry.npmjs.org/owl.carousel/-/owl.carousel-2.2.0.tgz",
      "integrity": "sha1-81mNAeYHV7wQeys8YSMbEUDPNgw=",
      "requires": {
        "jquery": "3.2.1"
      }
    }
  }
}
